
Microsoft Visual Studio Solution File, Format Version 12.00
# Visual Studio Version 16
VisualStudioVersion = 16.0.29613.14
MinimumVisualStudioVersion = 10.0.40219.1
Project("{FAE04EC0-301F-11D3-BF4B-00C04F79EFBC}") = "MilitaryBases", "MilitaryBases.csproj", "{A8FBB769-8742-4C88-B7D2-A451FBFF0A4B}"
EndProject
Project("{FAE04EC0-301F-11D3-BF4B-00C04F79EFBC}") = "TerritoryAndBases", "TerritoryAndBases\TerritoryAndBases.csproj", "{8F57B8B1-0BAB-4567-91B7-BFF96F141C0B}"
EndProject
Global
	GlobalSection(SolutionConfigurationPlatforms) = preSolution
		Debug|Any CPU = Debug|Any CPU
		Release|Any CPU = Release|Any CPU
	EndGlobalSection
	GlobalSection(ProjectConfigurationPlatforms) = postSolution
		{A8FBB769-8742-4C88-B7D2-A451FBFF0A4B}.Debug|Any CPU.ActiveCfg = Debug|Any CPU
		{A8FBB769-8742-4C88-B7D2-A451FBFF0A4B}.Debug|Any CPU.Build.0 = Debug|Any CPU
		{A8FBB769-8742-4C88-B7D2-A451FBFF0A4B}.Release|Any CPU.ActiveCfg = Release|Any CPU
		{A8FBB769-8742-4C88-B7D2-A451FBFF0A4B}.Release|Any CPU.Build.0 = Release|Any CPU
		{8F57B8B1-0BAB-4567-91B7-BFF96F141C0B}.Debug|Any CPU.ActiveCfg = Debug|Any CPU
		{8F57B8B1-0BAB-4567-91B7-BFF96F141C0B}.Debug|Any CPU.Build.0 = Debug|Any CPU
		{8F57B8B1-0BAB-4567-91B7-BFF96F141C0B}.Release|Any CPU.ActiveCfg = Release|Any CPU
		{8F57B8B1-0BAB-4567-91B7-BFF96F141C0B}.Release|Any CPU.Build.0 = Release|Any CPU
	EndGlobalSection
	GlobalSection(SolutionProperties) = preSolution
		HideSolutionNode = FALSE
	EndGlobalSection
	GlobalSection(ExtensibilityGlobals) = postSolution
		SolutionGuid = {D4F2A0DA-B437-4AD0-817D-424731F66447}
	EndGlobalSection
EndGlobal
